
Microsoft Visual Studio Solution File, Format Version 12.00
# Visual Studio 15
Project("{FAE04EC0-301F-11D3-BF4B-00C04F79EFBC}") = "Assembly-CSharp", "Assembly-CSharp.csproj", "{860699BE-972F-E95A-9D53-3BC1D9886BB7}"
EndProject
Project("{FAE04EC0-301F-11D3-BF4B-00C04F79EFBC}") = "Assembly-CSharp-Editor", "Assembly-CSharp-Editor.csproj", "{A9A8A80E-208E-EB5B-B4F4-0E647F6910F3}"
EndProject
Project("{FAE04EC0-301F-11D3-BF4B-00C04F79EFBC}") = "LeanTween", "LeanTween.csproj", "{37E6EB67-8026-3E41-EEE8-02076C2CE62C}"
EndProject
Global
	GlobalSection(SolutionConfigurationPlatforms) = preSolution
		Debug|Any CPU = Debug|Any CPU
		Release|Any CPU = Release|Any CPU
	EndGlobalSection
	GlobalSection(ProjectConfigurationPlatforms) = postSolution
		{860699BE-972F-E95A-9D53-3BC1D9886BB7}.Debug|Any CPU.ActiveCfg = Debug|Any CPU
		{860699BE-972F-E95A-9D53-3BC1D9886BB7}.Debug|Any CPU.Build.0 = Debug|Any CPU
		{860699BE-972F-E95A-9D53-3BC1D9886BB7}.Release|Any CPU.ActiveCfg = Release|Any CPU
		{860699BE-972F-E95A-9D53-3BC1D9886BB7}.Release|Any CPU.Build.0 = Release|Any CPU
		{A9A8A80E-208E-EB5B-B4F4-0E647F6910F3}.Debug|Any CPU.ActiveCfg = Debug|Any CPU
		{A9A8A80E-208E-EB5B-B4F4-0E647F6910F3}.Debug|Any CPU.Build.0 = Debug|Any CPU
		{A9A8A80E-208E-EB5B-B4F4-0E647F6910F3}.Release|Any CPU.ActiveCfg = Release|Any CPU
		{A9A8A80E-208E-EB5B-B4F4-0E647F6910F3}.Release|Any CPU.Build.0 = Release|Any CPU
		{37E6EB67-8026-3E41-EEE8-02076C2CE62C}.Debug|Any CPU.ActiveCfg = Debug|Any CPU
		{37E6EB67-8026-3E41-EEE8-02076C2CE62C}.Debug|Any CPU.Build.0 = Debug|Any CPU
		{37E6EB67-8026-3E41-EEE8-02076C2CE62C}.Release|Any CPU.ActiveCfg = Release|Any CPU
		{37E6EB67-8026-3E41-EEE8-02076C2CE62C}.Release|Any CPU.Build.0 = Release|Any CPU
	EndGlobalSection
	GlobalSection(SolutionProperties) = preSolution
		HideSolutionNode = FALSE
	EndGlobalSection
EndGlobal
